// !$*UTF8*$!
{
	archiveVersion = 1;
	classes = {
	};
	objectVersion = 53;
	objects = {

/* Begin PBXBuildFile section */
		1F9E2E1B29680C4C0011198E /* Executables in Resources */ = {isa = PBXBuildFile; fileRef = 1F9E2E1A29680C4C0011198E /* Executables */; };
		1FA399C8296D4C1500DC23EE /* DFUHelper.swift in Sources */ = {isa = PBXBuildFile; fileRef = 1FA399C7296D4C1500DC23EE /* DFUHelper.swift */; };
		5A43A5A4295CEB7200EE6DF2 /* AppDelegate.swift in Sources */ = {isa = PBXBuildFile; fileRef = 5A43A5A3295CEB7200EE6DF2 /* AppDelegate.swift */; };
		5A43A5A6295CEB7200EE6DF2 /* ViewController.swift in Sources */ = {isa = PBXBuildFile; fileRef = 5A43A5A5295CEB7200EE6DF2 /* ViewController.swift */; };
		5A43A5A8295CEB7500EE6DF2 /* Assets.xcassets in Resources */ = {isa = PBXBuildFile; fileRef = 5A43A5A7295CEB7500EE6DF2 /* Assets.xcassets */; };
		5A43A5AB295CEB7500EE6DF2 /* Main.storyboard in Resources */ = {isa = PBXBuildFile; fileRef = 5A43A5A9295CEB7500EE6DF2 /* Main.storyboard */; };
		5A43A5C9295CEBFF00EE6DF2 /* supportedDevices.json in Resources */ = {isa = PBXBuildFile; fileRef = 5A43A5C2295CEBFF00EE6DF2 /* supportedDevices.json */; };
		5A43A5D0295D1E6F00EE6DF2 /* DiagViewController.swift in Sources */ = {isa = PBXBuildFile; fileRef = 5A43A5CF295D1E6F00EE6DF2 /* DiagViewController.swift */; };
		5A43A5D3295D226B00EE6DF2 /* ChangeSN.swift in Sources */ = {isa = PBXBuildFile; fileRef = 5A43A5D2295D226B00EE6DF2 /* ChangeSN.swift */; };
		E1B1F2B32A36ABB800A76655 /* ORSSerial in Frameworks */ = {isa = PBXBuildFile; productRef = E1B1F2B22A36ABB800A76655 /* ORSSerial */; };
/* End PBXBuildFile section */

/* Begin PBXCopyFilesBuildPhase section */
		E157E3102A36A4CF00155807 /* Embed Frameworks */ = {
			isa = PBXCopyFilesBuildPhase;
			buildActionMask = 2147483647;
			dstPath = "";
			dstSubfolderSpec = 10;
			files = (
			);
			name = "Embed Frameworks";
			runOnlyForDeploymentPostprocessing = 0;
		};
/* End PBXCopyFilesBuildPhase section */

/* Begin PBXFileReference section */
		1F491D48297BEBA300CA111E /* Base */ = {isa = PBXFileReference; lastKnownFileType = text.plist.entitlements; name = Base; path = Base.lproj/EX3cutioN3Ram.entitlements; sourceTree = "<group>"; };
		1F9E2E1A29680C4C0011198E /* Executables */ = {isa = PBXFileReference; lastKnownFileType = folder; path = Executables; sourceTree = "<group>"; };
		1FA399C7296D4C1500DC23EE /* DFUHelper.swift */ = {isa = PBXFileReference; lastKnownFileType = sourcecode.swift; path = DFUHelper.swift; sourceTree = "<group>"; };
		5A43A5A0295CEB7200EE6DF2 /* GUCCI-Tool.app */ = {isa = PBXFileReference; explicitFileType = wrapper.application; includeInIndex = 0; path = "GUCCI-Tool.app"; sourceTree = BUILT_PRODUCTS_DIR; };
		5A43A5A3295CEB7200EE6DF2 /* AppDelegate.swift */ = {isa = PBXFileReference; lastKnownFileType = sourcecode.swift; path = AppDelegate.swift; sourceTree = "<group>"; };
		5A43A5A5295CEB7200EE6DF2 /* ViewController.swift */ = {isa = PBXFileReference; lastKnownFileType = sourcecode.swift; path = ViewController.swift; sourceTree = "<group>"; };
		5A43A5A7295CEB7500EE6DF2 /* Assets.xcassets */ = {isa = PBXFileReference; lastKnownFileType = folder.assetcatalog; path = Assets.xcassets; sourceTree = "<group>"; };
		5A43A5AA295CEB7500EE6DF2 /* Base */ = {isa = PBXFileReference; lastKnownFileType = file.storyboard; name = Base; path = Base.lproj/Main.storyboard; sourceTree = "<group>"; };
		5A43A5AC295CEB7500EE6DF2 /* Info.plist */ = {isa = PBXFileReference; lastKnownFileType = text.plist.xml; path = Info.plist; sourceTree = "<group>"; };
		5A43A5C2295CEBFF00EE6DF2 /* supportedDevices.json */ = {isa = PBXFileReference; fileEncoding = 4; lastKnownFileType = text.json; path = supportedDevices.json; sourceTree = "<group>"; };
		5A43A5CF295D1E6F00EE6DF2 /* DiagViewController.swift */ = {isa = PBXFileReference; fileEncoding = 4; lastKnownFileType = sourcecode.swift; path = DiagViewController.swift; sourceTree = "<group>"; };
		5A43A5D2295D226B00EE6DF2 /* ChangeSN.swift */ = {isa = PBXFileReference; fileEncoding = 4; lastKnownFileType = sourcecode.swift; path = ChangeSN.swift; sourceTree = "<group>"; };
/* End PBXFileReference section */

/* Begin PBXFrameworksBuildPhase section */
		5A43A59D295CEB7200EE6DF2 /* Frameworks */ = {
			isa = PBXFrameworksBuildPhase;
			buildActionMask = 2147483647;
			files = (
				E1B1F2B32A36ABB800A76655 /* ORSSerial in Frameworks */,
			);
			runOnlyForDeploymentPostprocessing = 0;
		};
/* End PBXFrameworksBuildPhase section */

/* Begin PBXGroup section */
		5A43A597295CEB7200EE6DF2 = {
			isa = PBXGroup;
			children = (
				5A43A5A2295CEB7200EE6DF2 /* EX3cutioN3Ram */,
				5A43A5A1295CEB7200EE6DF2 /* Products */,
				E157E3062A36A35700155807 /* Frameworks */,
			);
			sourceTree = "<group>";
		};
		5A43A5A1295CEB7200EE6DF2 /* Products */ = {
			isa = PBXGroup;
			children = (
				5A43A5A0295CEB7200EE6DF2 /* GUCCI-Tool.app */,
			);
			name = Products;
			sourceTree = "<group>";
		};
		5A43A5A2295CEB7200EE6DF2 /* EX3cutioN3Ram */ = {
			isa = PBXGroup;
			children = (
				5A43A5A7295CEB7500EE6DF2 /* Assets.xcassets */,
				5A43A5C2295CEBFF00EE6DF2 /* supportedDevices.json */,
				1F491D49297BEBA300CA111E /* EX3cutioN3Ram.entitlements */,
				5A43A5A9295CEB7500EE6DF2 /* Main.storyboard */,
				5A43A5A3295CEB7200EE6DF2 /* AppDelegate.swift */,
				5A43A5A5295CEB7200EE6DF2 /* ViewController.swift */,
				5A43A5CF295D1E6F00EE6DF2 /* DiagViewController.swift */,
				5A43A5D2295D226B00EE6DF2 /* ChangeSN.swift */,
				1FA399C7296D4C1500DC23EE /* DFUHelper.swift */,
				1F9E2E1A29680C4C0011198E /* Executables */,
				5A43A5AC295CEB7500EE6DF2 /* Info.plist */,
			);
			path = EX3cutioN3Ram;
			sourceTree = "<group>";
		};
		E157E3062A36A35700155807 /* Frameworks */ = {
			isa = PBXGroup;
			children = (
			);
			name = Frameworks;
			sourceTree = "<group>";
		};
/* End PBXGroup section */

/* Begin PBXNativeTarget section */
		5A43A59F295CEB7200EE6DF2 /* GUCCI-Tool */ = {
			isa = PBXNativeTarget;
			buildConfigurationList = 5A43A5B0295CEB7500EE6DF2 /* Build configuration list for PBXNativeTarget "GUCCI-Tool" */;
			buildPhases = (
				5A43A59C295CEB7200EE6DF2 /* Sources */,
				5A43A59D295CEB7200EE6DF2 /* Frameworks */,
				5A43A59E295CEB7200EE6DF2 /* Resources */,
				E157E3102A36A4CF00155807 /* Embed Frameworks */,
			);
			buildRules = (
			);
			dependencies = (
			);
			name = "GUCCI-Tool";
			packageProductDependencies = (
				E1B1F2B22A36ABB800A76655 /* ORSSerial */,
			);
			productName = "UB Power Ramdisk V5.4";
			productReference = 5A43A5A0295CEB7200EE6DF2 /* GUCCI-Tool.app */;
			productType = "com.apple.product-type.application";
		};
/* End PBXNativeTarget section */

/* Begin PBXProject section */
		5A43A598295CEB7200EE6DF2 /* Project object */ = {
			isa = PBXProject;
			attributes = {
				BuildIndependentTargetsInParallel = YES;
				LastSwiftUpdateCheck = 1240;
				LastUpgradeCheck = 1430;
				TargetAttributes = {
					5A43A59F295CEB7200EE6DF2 = {
						CreatedOnToolsVersion = 12.4;
					};
				};
			};
			buildConfigurationList = 5A43A59B295CEB7200EE6DF2 /* Build configuration list for PBXProject "GUCCI-Tool" */;
			compatibilityVersion = "Xcode 11.0";
			developmentRegion = en;
			hasScannedForEncodings = 0;
			knownRegions = (
				en,
				Base,
			);
			mainGroup = 5A43A597295CEB7200EE6DF2;
			packageReferences = (
				E1B1F2B12A36ABB800A76655 /* XCRemoteSwiftPackageReference "ORSSerialPort" */,
			);
			productRefGroup = 5A43A5A1295CEB7200EE6DF2 /* Products */;
			projectDirPath = "";
			projectRoot = "";
			targets = (
				5A43A59F295CEB7200EE6DF2 /* GUCCI-Tool */,
			);
		};
/* End PBXProject section */

/* Begin PBXResourcesBuildPhase section */
		5A43A59E295CEB7200EE6DF2 /* Resources */ = {
			isa = PBXResourcesBuildPhase;
			buildActionMask = 2147483647;
			files = (
				1F9E2E1B29680C4C0011198E /* Executables in Resources */,
				5A43A5A8295CEB7500EE6DF2 /* Assets.xcassets in Resources */,
				5A43A5AB295CEB7500EE6DF2 /* Main.storyboard in Resources */,
				5A43A5C9295CEBFF00EE6DF2 /* supportedDevices.json in Resources */,
			);
			runOnlyForDeploymentPostprocessing = 0;
		};
/* End PBXResourcesBuildPhase section */

/* Begin PBXSourcesBuildPhase section */
		5A43A59C295CEB7200EE6DF2 /* Sources */ = {
			isa = PBXSourcesBuildPhase;
			buildActionMask = 2147483647;
			files = (
				5A43A5D3295D226B00EE6DF2 /* ChangeSN.swift in Sources */,
				5A43A5D0295D1E6F00EE6DF2 /* DiagViewController.swift in Sources */,
				5A43A5A6295CEB7200EE6DF2 /* ViewController.swift in Sources */,
				5A43A5A4295CEB7200EE6DF2 /* AppDelegate.swift in Sources */,
				1FA399C8296D4C1500DC23EE /* DFUHelper.swift in Sources */,
			);
			runOnlyForDeploymentPostprocessing = 0;
		};
/* End PBXSourcesBuildPhase section */

/* Begin PBXVariantGroup section */
		1F491D49297BEBA300CA111E /* EX3cutioN3Ram.entitlements */ = {
			isa = PBXVariantGroup;
			children = (
				1F491D48297BEBA300CA111E /* Base */,
			);
			name = EX3cutioN3Ram.entitlements;
			sourceTree = "<group>";
		};
		5A43A5A9295CEB7500EE6DF2 /* Main.storyboard */ = {
			isa = PBXVariantGroup;
			children = (
				5A43A5AA295CEB7500EE6DF2 /* Base */,
			);
			name = Main.storyboard;
			sourceTree = "<group>";
		};
/* End PBXVariantGroup section */

/* Begin XCBuildConfiguration section */
		5A43A5AE295CEB7500EE6DF2 /* Debug */ = {
			isa = XCBuildConfiguration;
			buildSettings = {
				ALWAYS_SEARCH_USER_PATHS = NO;
				CLANG_ANALYZER_NONNULL = YES;
				CLANG_ANALYZER_NUMBER_OBJECT_CONVERSION = YES_AGGRESSIVE;
				CLANG_CXX_LANGUAGE_STANDARD = "gnu++14";
				CLANG_CXX_LIBRARY = "libc++";
				CLANG_ENABLE_MODULES = YES;
				CLANG_ENABLE_OBJC_ARC = YES;
				CLANG_ENABLE_OBJC_WEAK = YES;
				CLANG_WARN_BLOCK_CAPTURE_AUTORELEASING = YES;
				CLANG_WARN_BOOL_CONVERSION = YES;
				CLANG_WARN_COMMA = YES;
				CLANG_WARN_CONSTANT_CONVERSION = YES;
				CLANG_WARN_DEPRECATED_OBJC_IMPLEMENTATIONS = YES;
				CLANG_WARN_DIRECT_OBJC_ISA_USAGE = YES_ERROR;
				CLANG_WARN_DOCUMENTATION_COMMENTS = YES;
				CLANG_WARN_EMPTY_BODY = YES;
				CLANG_WARN_ENUM_CONVERSION = YES;
				CLANG_WARN_INFINITE_RECURSION = YES;
				CLANG_WARN_INT_CONVERSION = YES;
				CLANG_WARN_NON_LITERAL_NULL_CONVERSION = YES;
				CLANG_WARN_OBJC_IMPLICIT_RETAIN_SELF = YES;
				CLANG_WARN_OBJC_LITERAL_CONVERSION = YES;
				CLANG_WARN_OBJC_ROOT_CLASS = YES_ERROR;
				CLANG_WARN_QUOTED_INCLUDE_IN_FRAMEWORK_HEADER = YES;
				CLANG_WARN_RANGE_LOOP_ANALYSIS = YES;
				CLANG_WARN_STRICT_PROTOTYPES = YES;
				CLANG_WARN_SUSPICIOUS_MOVE = YES;
				CLANG_WARN_UNGUARDED_AVAILABILITY = YES_AGGRESSIVE;
				CLANG_WARN_UNREACHABLE_CODE = YES;
				CLANG_WARN__DUPLICATE_METHOD_MATCH = YES;
				COPY_PHASE_STRIP = NO;
				DEAD_CODE_STRIPPING = YES;
				DEBUG_INFORMATION_FORMAT = dwarf;
				ENABLE_STRICT_OBJC_MSGSEND = YES;
				ENABLE_TESTABILITY = YES;
				GCC_C_LANGUAGE_STANDARD = gnu11;
				GCC_DYNAMIC_NO_PIC = NO;
				GCC_NO_COMMON_BLOCKS = YES;
				GCC_OPTIMIZATION_LEVEL = 0;
				GCC_PREPROCESSOR_DEFINITIONS = (
					"DEBUG=1",
					"$(inherited)",
				);
				GCC_WARN_64_TO_32_BIT_CONVERSION = YES;
				GCC_WARN_ABOUT_RETURN_TYPE = YES_ERROR;
				GCC_WARN_UNDECLARED_SELECTOR = YES;
				GCC_WARN_UNINITIALIZED_AUTOS = YES_AGGRESSIVE;
				GCC_WARN_UNUSED_FUNCTION = YES;
				GCC_WARN_UNUSED_VARIABLE = YES;
				MACOSX_DEPLOYMENT_TARGET = "$(RECOMMENDED_MACOSX_DEPLOYMENT_TARGET)";
				MTL_ENABLE_DEBUG_INFO = INCLUDE_SOURCE;
				MTL_FAST_MATH = YES;
				ONLY_ACTIVE_ARCH = YES;
				SDKROOT = macosx;
				SWIFT_ACTIVE_COMPILATION_CONDITIONS = DEBUG;
				SWIFT_OPTIMIZATION_LEVEL = "-Onone";
			};
			name = Debug;
		};
		5A43A5AF295CEB7500EE6DF2 /* Release */ = {
			isa = XCBuildConfiguration;
			buildSettings = {
				ALWAYS_SEARCH_USER_PATHS = NO;
				CLANG_ANALYZER_NONNULL = YES;
				CLANG_ANALYZER_NUMBER_OBJECT_CONVERSION = YES_AGGRESSIVE;
				CLANG_CXX_LANGUAGE_STANDARD = "gnu++14";
				CLANG_CXX_LIBRARY = "libc++";
				CLANG_ENABLE_MODULES = YES;
				CLANG_ENABLE_OBJC_ARC = YES;
				CLANG_ENABLE_OBJC_WEAK = YES;
				CLANG_WARN_BLOCK_CAPTURE_AUTORELEASING = YES;
				CLANG_WARN_BOOL_CONVERSION = YES;
				CLANG_WARN_COMMA = YES;
				CLANG_WARN_CONSTANT_CONVERSION = YES;
				CLANG_WARN_DEPRECATED_OBJC_IMPLEMENTATIONS = YES;
				CLANG_WARN_DIRECT_OBJC_ISA_USAGE = YES_ERROR;
				CLANG_WARN_DOCUMENTATION_COMMENTS = YES;
				CLANG_WARN_EMPTY_BODY = YES;
				CLANG_WARN_ENUM_CONVERSION = YES;
				CLANG_WARN_INFINITE_RECURSION = YES;
				CLANG_WARN_INT_CONVERSION = YES;
				CLANG_WARN_NON_LITERAL_NULL_CONVERSION = YES;
				CLANG_WARN_OBJC_IMPLICIT_RETAIN_SELF = YES;
				CLANG_WARN_OBJC_LITERAL_CONVERSION = YES;
				CLANG_WARN_OBJC_ROOT_CLASS = YES_ERROR;
				CLANG_WARN_QUOTED_INCLUDE_IN_FRAMEWORK_HEADER = YES;
				CLANG_WARN_RANGE_LOOP_ANALYSIS = YES;
				CLANG_WARN_STRICT_PROTOTYPES = YES;
				CLANG_WARN_SUSPICIOUS_MOVE = YES;
				CLANG_WARN_UNGUARDED_AVAILABILITY = YES_AGGRESSIVE;
				CLANG_WARN_UNREACHABLE_CODE = YES;
				CLANG_WARN__DUPLICATE_METHOD_MATCH = YES;
				COPY_PHASE_STRIP = NO;
				DEAD_CODE_STRIPPING = YES;
				DEBUG_INFORMATION_FORMAT = "dwarf-with-dsym";
				ENABLE_NS_ASSERTIONS = NO;
				ENABLE_STRICT_OBJC_MSGSEND = YES;
				GCC_C_LANGUAGE_STANDARD = gnu11;
				GCC_NO_COMMON_BLOCKS = YES;
				GCC_WARN_64_TO_32_BIT_CONVERSION = YES;
				GCC_WARN_ABOUT_RETURN_TYPE = YES_ERROR;
				GCC_WARN_UNDECLARED_SELECTOR = YES;
				GCC_WARN_UNINITIALIZED_AUTOS = YES_AGGRESSIVE;
				GCC_WARN_UNUSED_FUNCTION = YES;
				GCC_WARN_UNUSED_VARIABLE = YES;
				MACOSX_DEPLOYMENT_TARGET = "$(RECOMMENDED_MACOSX_DEPLOYMENT_TARGET)";
				MTL_ENABLE_DEBUG_INFO = NO;
				MTL_FAST_MATH = YES;
				SDKROOT = macosx;
				SWIFT_COMPILATION_MODE = wholemodule;
				SWIFT_OPTIMIZATION_LEVEL = "-O";
			};
			name = Release;
		};
		5A43A5B1295CEB7500EE6DF2 /* Debug */ = {
			isa = XCBuildConfiguration;
			buildSettings = {
				ASSETCATALOG_COMPILER_APPICON_NAME = AppIcon;
				ASSETCATALOG_COMPILER_GLOBAL_ACCENT_COLOR_NAME = AccentColor;
				CODE_SIGN_ENTITLEMENTS = EX3cutioN3Ram/EX3cutioN3Ram.entitlements;
				CODE_SIGN_IDENTITY = "Apple Development";
				"CODE_SIGN_IDENTITY[sdk=macosx*]" = "Apple Development";
				CODE_SIGN_STYLE = Automatic;
				COMBINE_HIDPI_IMAGES = YES;
				DEAD_CODE_STRIPPING = YES;
				DEVELOPMENT_ASSET_PATHS = "";
				DEVELOPMENT_TEAM = 7K3DSW63M3;
				ENABLE_HARDENED_RUNTIME = YES;
				FRAMEWORK_SEARCH_PATHS = (
					"$(inherited)",
					"$(PROJECT_DIR)",
					"$(LOCAL_LIBRARY_DIR)/Apple/System/Library/PrivateFrameworks",
					"$(PROJECT_DIR)/UB\\ Power\\ Ramdisk\\ V5.4/Executables/Frameworks",
					"$(PROJECT_DIR)/UB\\ Power\\ Ramdisk\\ V5.4/Executables/Frameworks",
				);
				INFOPLIST_FILE = EX3cutioN3Ram/Info.plist;
				LD_RUNPATH_SEARCH_PATHS = (
					"$(inherited)",
					"@executable_path/../Frameworks",
				);
				MACOSX_DEPLOYMENT_TARGET = "$(RECOMMENDED_MACOSX_DEPLOYMENT_TARGET)";
				PRODUCT_BUNDLE_IDENTIFIER = com.ufukPOLAT.GUCCITool;
				PRODUCT_NAME = "$(TARGET_NAME)";
				SWIFT_VERSION = 5.0;
			};
			name = Debug;
		};
		5A43A5B2295CEB7500EE6DF2 /* Release */ = {
			isa = XCBuildConfiguration;
			buildSettings = {
				ASSETCATALOG_COMPILER_APPICON_NAME = AppIcon;
				ASSETCATALOG_COMPILER_GLOBAL_ACCENT_COLOR_NAME = AccentColor;
				CODE_SIGN_ENTITLEMENTS = EX3cutioN3Ram/EX3cutioN3Ram.entitlements;
				CODE_SIGN_IDENTITY = "Apple Development";
				"CODE_SIGN_IDENTITY[sdk=macosx*]" = "Apple Development";
				CODE_SIGN_STYLE = Automatic;
				COMBINE_HIDPI_IMAGES = YES;
				DEAD_CODE_STRIPPING = YES;
				DEVELOPMENT_ASSET_PATHS = "";
				DEVELOPMENT_TEAM = 7K3DSW63M3;
				ENABLE_HARDENED_RUNTIME = YES;
				FRAMEWORK_SEARCH_PATHS = (
					"$(inherited)",
					"$(PROJECT_DIR)",
					"$(LOCAL_LIBRARY_DIR)/Apple/System/Library/PrivateFrameworks",
					"$(PROJECT_DIR)/UB\\ Power\\ Ramdisk\\ V5.4/Executables/Frameworks",
					"$(PROJECT_DIR)/UB\\ Power\\ Ramdisk\\ V5.4/Executables/Frameworks",
				);
				INFOPLIST_FILE = EX3cutioN3Ram/Info.plist;
				LD_RUNPATH_SEARCH_PATHS = (
					"$(inherited)",
					"@executable_path/../Frameworks",
				);
				MACOSX_DEPLOYMENT_TARGET = "$(RECOMMENDED_MACOSX_DEPLOYMENT_TARGET)";
				PRODUCT_BUNDLE_IDENTIFIER = com.ufukPOLAT.GUCCITool;
				PRODUCT_NAME = "$(TARGET_NAME)";
				SWIFT_VERSION = 5.0;
			};
			name = Release;
		};
/* End XCBuildConfiguration section */

/* Begin XCConfigurationList section */
		5A43A59B295CEB7200EE6DF2 /* Build configuration list for PBXProject "GUCCI-Tool" */ = {
			isa = XCConfigurationList;
			buildConfigurations = (
				5A43A5AE295CEB7500EE6DF2 /* Debug */,
				5A43A5AF295CEB7500EE6DF2 /* Release */,
			);
			defaultConfigurationIsVisible = 0;
			defaultConfigurationName = Release;
		};
		5A43A5B0295CEB7500EE6DF2 /* Build configuration list for PBXNativeTarget "GUCCI-Tool" */ = {
			isa = XCConfigurationList;
			buildConfigurations = (
				5A43A5B1295CEB7500EE6DF2 /* Debug */,
				5A43A5B2295CEB7500EE6DF2 /* Release */,
			);
			defaultConfigurationIsVisible = 0;
			defaultConfigurationName = Release;
		};
/* End XCConfigurationList section */

/* Begin XCRemoteSwiftPackageReference section */
		E1B1F2B12A36ABB800A76655 /* XCRemoteSwiftPackageReference "ORSSerialPort" */ = {
			isa = XCRemoteSwiftPackageReference;
			repositoryURL = "https://github.com/armadsen/ORSSerialPort.git";
			requirement = {
				kind = upToNextMajorVersion;
				minimumVersion = 2.0.0;
			};
		};
/* End XCRemoteSwiftPackageReference section */

/* Begin XCSwiftPackageProductDependency section */
		E1B1F2B22A36ABB800A76655 /* ORSSerial */ = {
			isa = XCSwiftPackageProductDependency;
			package = E1B1F2B12A36ABB800A76655 /* XCRemoteSwiftPackageReference "ORSSerialPort" */;
			productName = ORSSerial;
		};
/* End XCSwiftPackageProductDependency section */
	};
	rootObject = 5A43A598295CEB7200EE6DF2 /* Project object */;
}
